// !$*UTF8*$!
{
	archiveVersion = 1;
	classes = {
	};
	objectVersion = 50;
	objects = {

/* Begin PBXBuildFile section */
		F16F1CD526D6E0D7001690FF /* GreetingsScreenViewController.swift in Sources */ = {isa = PBXBuildFile; fileRef = F16F1CD426D6E0D7001690FF /* GreetingsScreenViewController.swift */; };
		F17FEB7426D695B10063156A /* AppDelegate.swift in Sources */ = {isa = PBXBuildFile; fileRef = F17FEB7326D695B10063156A /* AppDelegate.swift */; };
		F17FEB7626D695B10063156A /* SceneDelegate.swift in Sources */ = {isa = PBXBuildFile; fileRef = F17FEB7526D695B10063156A /* SceneDelegate.swift */; };
		F17FEB7826D695B10063156A /* LogInMenuViewController.swift in Sources */ = {isa = PBXBuildFile; fileRef = F17FEB7726D695B10063156A /* LogInMenuViewController.swift */; };
		F17FEB7B26D695B10063156A /* Main.storyboard in Resources */ = {isa = PBXBuildFile; fileRef = F17FEB7926D695B10063156A /* Main.storyboard */; };
		F17FEB7D26D695B60063156A /* Assets.xcassets in Resources */ = {isa = PBXBuildFile; fileRef = F17FEB7C26D695B60063156A /* Assets.xcassets */; };
		F17FEB8026D695B60063156A /* LaunchScreen.storyboard in Resources */ = {isa = PBXBuildFile; fileRef = F17FEB7E26D695B60063156A /* LaunchScreen.storyboard */; };
/* End PBXBuildFile section */

/* Begin PBXFileReference section */
		F16F1CD426D6E0D7001690FF /* GreetingsScreenViewController.swift */ = {isa = PBXFileReference; lastKnownFileType = sourcecode.swift; path = GreetingsScreenViewController.swift; sourceTree = "<group>"; };
		F17FEB7026D695B10063156A /* 3_Segue.app */ = {isa = PBXFileReference; explicitFileType = wrapper.application; includeInIndex = 0; path = 3_Segue.app; sourceTree = BUILT_PRODUCTS_DIR; };
		F17FEB7326D695B10063156A /* AppDelegate.swift */ = {isa = PBXFileReference; lastKnownFileType = sourcecode.swift; path = AppDelegate.swift; sourceTree = "<group>"; };
		F17FEB7526D695B10063156A /* SceneDelegate.swift */ = {isa = PBXFileReference; lastKnownFileType = sourcecode.swift; path = SceneDelegate.swift; sourceTree = "<group>"; };
		F17FEB7726D695B10063156A /* LogInMenuViewController.swift */ = {isa = PBXFileReference; lastKnownFileType = sourcecode.swift; path = LogInMenuViewController.swift; sourceTree = "<group>"; };
		F17FEB7A26D695B10063156A /* Base */ = {isa = PBXFileReference; lastKnownFileType = file.storyboard; name = Base; path = Base.lproj/Main.storyboard; sourceTree = "<group>"; };
		F17FEB7C26D695B60063156A /* Assets.xcassets */ = {isa = PBXFileReference; lastKnownFileType = folder.assetcatalog; path = Assets.xcassets; sourceTree = "<group>"; };
		F17FEB7F26D695B60063156A /* Base */ = {isa = PBXFileReference; lastKnownFileType = file.storyboard; name = Base; path = Base.lproj/LaunchScreen.storyboard; sourceTree = "<group>"; };
		F17FEB8126D695B60063156A /* Info.plist */ = {isa = PBXFileReference; lastKnownFileType = text.plist.xml; path = Info.plist; sourceTree = "<group>"; };
/* End PBXFileReference section */

/* Begin PBXFrameworksBuildPhase section */
		F17FEB6D26D695B10063156A /* Frameworks */ = {
			isa = PBXFrameworksBuildPhase;
			buildActionMask = 2147483647;
			files = (
			);
			runOnlyForDeploymentPostprocessing = 0;
		};
/* End PBXFrameworksBuildPhase section */

/* Begin PBXGroup section */
		F17FEB6726D695B10063156A = {
			isa = PBXGroup;
			children = (
				F17FEB7226D695B10063156A /* 3_Segue */,
				F17FEB7126D695B10063156A /* Products */,
			);
			sourceTree = "<group>";
		};
		F17FEB7126D695B10063156A /* Products */ = {
			isa = PBXGroup;
			children = (
				F17FEB7026D695B10063156A /* 3_Segue.app */,
			);
			name = Products;
			sourceTree = "<group>";
		};
		F17FEB7226D695B10063156A /* 3_Segue */ = {
			isa = PBXGroup;
			children = (
				F17FEB7326D695B10063156A /* AppDelegate.swift */,
				F17FEB7526D695B10063156A /* SceneDelegate.swift */,
				F17FEB7726D695B10063156A /* LogInMenuViewController.swift */,
				F16F1CD426D6E0D7001690FF /* GreetingsScreenViewController.swift */,
				F17FEB7926D695B10063156A /* Main.storyboard */,
				F17FEB7C26D695B60063156A /* Assets.xcassets */,
				F17FEB7E26D695B60063156A /* LaunchScreen.storyboard */,
				F17FEB8126D695B60063156A /* Info.plist */,
			);
			path = 3_Segue;
			sourceTree = "<group>";
		};
/* End PBXGroup section */

/* Begin PBXNativeTarget section */
		F17FEB6F26D695B10063156A /* 3_Segue */ = {
			isa = PBXNativeTarget;
			buildConfigurationList = F17FEB8426D695B60063156A /* Build configuration list for PBXNativeTarget "3_Segue" */;
			buildPhases = (
				F17FEB6C26D695B10063156A /* Sources */,
				F17FEB6D26D695B10063156A /* Frameworks */,
				F17FEB6E26D695B10063156A /* Resources */,
			);
			buildRules = (
			);
			dependencies = (
			);
			name = 3_Segue;
			productName = 3_Segue;
			productReference = F17FEB7026D695B10063156A /* 3_Segue.app */;
			productType = "com.apple.product-type.application";
		};
/* End PBXNativeTarget section */

/* Begin PBXProject section */
		F17FEB6826D695B10063156A /* Project object */ = {
			isa = PBXProject;
			attributes = {
				KnownAssetTags = (
					00000kj,
				);
				LastSwiftUpdateCheck = 1250;
				LastUpgradeCheck = 1250;
				TargetAttributes = {
					F17FEB6F26D695B10063156A = {
						CreatedOnToolsVersion = 12.5.1;
					};
				};
			};
			buildConfigurationList = F17FEB6B26D695B10063156A /* Build configuration list for PBXProject "3_Segue" */;
			compatibilityVersion = "Xcode 9.3";
			developmentRegion = en;
			hasScannedForEncodings = 0;
			knownRegions = (
				en,
				Base,
			);
			mainGroup = F17FEB6726D695B10063156A;
			productRefGroup = F17FEB7126D695B10063156A /* Products */;
			projectDirPath = "";
			projectRoot = "";
			targets = (
				F17FEB6F26D695B10063156A /* 3_Segue */,
			);
		};
/* End PBXProject section */

/* Begin PBXResourcesBuildPhase section */
		F17FEB6E26D695B10063156A /* Resources */ = {
			isa = PBXResourcesBuildPhase;
			buildActionMask = 2147483647;
			files = (
				F17FEB8026D695B60063156A /* LaunchScreen.storyboard in Resources */,
				F17FEB7D26D695B60063156A /* Assets.xcassets in Resources */,
				F17FEB7B26D695B10063156A /* Main.storyboard in Resources */,
			);
			runOnlyForDeploymentPostprocessing = 0;
		};
/* End PBXResourcesBuildPhase section */

/* Begin PBXSourcesBuildPhase section */
		F17FEB6C26D695B10063156A /* Sources */ = {
			isa = PBXSourcesBuildPhase;
			buildActionMask = 2147483647;
			files = (
				F17FEB7826D695B10063156A /* LogInMenuViewController.swift in Sources */,
				F16F1CD526D6E0D7001690FF /* GreetingsScreenViewController.swift in Sources */,
				F17FEB7426D695B10063156A /* AppDelegate.swift in Sources */,
				F17FEB7626D695B10063156A /* SceneDelegate.swift in Sources */,
			);
			runOnlyForDeploymentPostprocessing = 0;
		};
/* End PBXSourcesBuildPhase section */

/* Begin PBXVariantGroup section */
		F17FEB7926D695B10063156A /* Main.storyboard */ = {
			isa = PBXVariantGroup;
			children = (
				F17FEB7A26D695B10063156A /* Base */,
			);
			name = Main.storyboard;
			sourceTree = "<group>";
		};
		F17FEB7E26D695B60063156A /* LaunchScreen.storyboard */ = {
			isa = PBXVariantGroup;
			children = (
				F17FEB7F26D695B60063156A /* Base */,
			);
			name = LaunchScreen.storyboard;
			sourceTree = "<group>";
		};
/* End PBXVariantGroup section */

/* Begin XCBuildConfiguration section */
		F17FEB8226D695B60063156A /* Debug */ = {
			isa = XCBuildConfiguration;
			buildSettings = {
				ALWAYS_SEARCH_USER_PATHS = NO;
				CLANG_ANALYZER_NONNULL = YES;
				CLANG_ANALYZER_NUMBER_OBJECT_CONVERSION = YES_AGGRESSIVE;
				CLANG_CXX_LANGUAGE_STANDARD = "gnu++14";
				CLANG_CXX_LIBRARY = "libc++";
				CLANG_ENABLE_MODULES = YES;
				CLANG_ENABLE_OBJC_ARC = YES;
				CLANG_ENABLE_OBJC_WEAK = YES;
				CLANG_WARN_BLOCK_CAPTURE_AUTORELEASING = YES;
				CLANG_WARN_BOOL_CONVERSION = YES;
				CLANG_WARN_COMMA = YES;
				CLANG_WARN_CONSTANT_CONVERSION = YES;
				CLANG_WARN_DEPRECATED_OBJC_IMPLEMENTATIONS = YES;
				CLANG_WARN_DIRECT_OBJC_ISA_USAGE = YES_ERROR;
				CLANG_WARN_DOCUMENTATION_COMMENTS = YES;
				CLANG_WARN_EMPTY_BODY = YES;
				CLANG_WARN_ENUM_CONVERSION = YES;
				CLANG_WARN_INFINITE_RECURSION = YES;
				CLANG_WARN_INT_CONVERSION = YES;
				CLANG_WARN_NON_LITERAL_NULL_CONVERSION = YES;
				CLANG_WARN_OBJC_IMPLICIT_RETAIN_SELF = YES;
				CLANG_WARN_OBJC_LITERAL_CONVERSION = YES;
				CLANG_WARN_OBJC_ROOT_CLASS = YES_ERROR;
				CLANG_WARN_QUOTED_INCLUDE_IN_FRAMEWORK_HEADER = YES;
				CLANG_WARN_RANGE_LOOP_ANALYSIS = YES;
				CLANG_WARN_STRICT_PROTOTYPES = YES;
				CLANG_WARN_SUSPICIOUS_MOVE = YES;
				CLANG_WARN_UNGUARDED_AVAILABILITY = YES_AGGRESSIVE;
				CLANG_WARN_UNREACHABLE_CODE = YES;
				CLANG_WARN__DUPLICATE_METHOD_MATCH = YES;
				COPY_PHASE_STRIP = NO;
				DEBUG_INFORMATION_FORMAT = dwarf;
				ENABLE_STRICT_OBJC_MSGSEND = YES;
				ENABLE_TESTABILITY = YES;
				GCC_C_LANGUAGE_STANDARD = gnu11;
				GCC_DYNAMIC_NO_PIC = NO;
				GCC_NO_COMMON_BLOCKS = YES;
				GCC_OPTIMIZATION_LEVEL = 0;
				GCC_PREPROCESSOR_DEFINITIONS = (
					"DEBUG=1",
					"$(inherited)",
				);
				GCC_WARN_64_TO_32_BIT_CONVERSION = YES;
				GCC_WARN_ABOUT_RETURN_TYPE = YES_ERROR;
				GCC_WARN_UNDECLARED_SELECTOR = YES;
				GCC_WARN_UNINITIALIZED_AUTOS = YES_AGGRESSIVE;
				GCC_WARN_UNUSED_FUNCTION = YES;
				GCC_WARN_UNUSED_VARIABLE = YES;
				IPHONEOS_DEPLOYMENT_TARGET = 14.5;
				MTL_ENABLE_DEBUG_INFO = INCLUDE_SOURCE;
				MTL_FAST_MATH = YES;
				ONLY_ACTIVE_ARCH = YES;
				SDKROOT = iphoneos;
				SWIFT_ACTIVE_COMPILATION_CONDITIONS = DEBUG;
				SWIFT_OPTIMIZATION_LEVEL = "-Onone";
			};
			name = Debug;
		};
		F17FEB8326D695B60063156A /* Release */ = {
			isa = XCBuildConfiguration;
			buildSettings = {
				ALWAYS_SEARCH_USER_PATHS = NO;
				CLANG_ANALYZER_NONNULL = YES;
				CLANG_ANALYZER_NUMBER_OBJECT_CONVERSION = YES_AGGRESSIVE;
				CLANG_CXX_LANGUAGE_STANDARD = "gnu++14";
				CLANG_CXX_LIBRARY = "libc++";
				CLANG_ENABLE_MODULES = YES;
				CLANG_ENABLE_OBJC_ARC = YES;
				CLANG_ENABLE_OBJC_WEAK = YES;
				CLANG_WARN_BLOCK_CAPTURE_AUTORELEASING = YES;
				CLANG_WARN_BOOL_CONVERSION = YES;
				CLANG_WARN_COMMA = YES;
				CLANG_WARN_CONSTANT_CONVERSION = YES;
				CLANG_WARN_DEPRECATED_OBJC_IMPLEMENTATIONS = YES;
				CLANG_WARN_DIRECT_OBJC_ISA_USAGE = YES_ERROR;
				CLANG_WARN_DOCUMENTATION_COMMENTS = YES;
				CLANG_WARN_EMPTY_BODY = YES;
				CLANG_WARN_ENUM_CONVERSION = YES;
				CLANG_WARN_INFINITE_RECURSION = YES;
				CLANG_WARN_INT_CONVERSION = YES;
				CLANG_WARN_NON_LITERAL_NULL_CONVERSION = YES;
				CLANG_WARN_OBJC_IMPLICIT_RETAIN_SELF = YES;
				CLANG_WARN_OBJC_LITERAL_CONVERSION = YES;
				CLANG_WARN_OBJC_ROOT_CLASS = YES_ERROR;
				CLANG_WARN_QUOTED_INCLUDE_IN_FRAMEWORK_HEADER = YES;
				CLANG_WARN_RANGE_LOOP_ANALYSIS = YES;
				CLANG_WARN_STRICT_PROTOTYPES = YES;
				CLANG_WARN_SUSPICIOUS_MOVE = YES;
				CLANG_WARN_UNGUARDED_AVAILABILITY = YES_AGGRESSIVE;
				CLANG_WARN_UNREACHABLE_CODE = YES;
				CLANG_WARN__DUPLICATE_METHOD_MATCH = YES;
				COPY_PHASE_STRIP = NO;
				DEBUG_INFORMATION_FORMAT = "dwarf-with-dsym";
				ENABLE_NS_ASSERTIONS = NO;
				ENABLE_STRICT_OBJC_MSGSEND = YES;
				GCC_C_LANGUAGE_STANDARD = gnu11;
				GCC_NO_COMMON_BLOCKS = YES;
				GCC_WARN_64_TO_32_BIT_CONVERSION = YES;
				GCC_WARN_ABOUT_RETURN_TYPE = YES_ERROR;
				GCC_WARN_UNDECLARED_SELECTOR = YES;
				GCC_WARN_UNINITIALIZED_AUTOS = YES_AGGRESSIVE;
				GCC_WARN_UNUSED_FUNCTION = YES;
				GCC_WARN_UNUSED_VARIABLE = YES;
				IPHONEOS_DEPLOYMENT_TARGET = 14.5;
				MTL_ENABLE_DEBUG_INFO = NO;
				MTL_FAST_MATH = YES;
				SDKROOT = iphoneos;
				SWIFT_COMPILATION_MODE = wholemodule;
				SWIFT_OPTIMIZATION_LEVEL = "-O";
				VALIDATE_PRODUCT = YES;
			};
			name = Release;
		};
		F17FEB8526D695B60063156A /* Debug */ = {
			isa = XCBuildConfiguration;
			buildSettings = {
				ASSETCATALOG_COMPILER_APPICON_NAME = AppIcon;
				ASSETCATALOG_COMPILER_GLOBAL_ACCENT_COLOR_NAME = AccentColor;
				CODE_SIGN_STYLE = Automatic;
				DEVELOPMENT_TEAM = RR2792TYH2;
				INFOPLIST_FILE = 3_Segue/Info.plist;
				LD_RUNPATH_SEARCH_PATHS = (
					"$(inherited)",
					"@executable_path/Frameworks",
				);
				PRODUCT_BUNDLE_IDENTIFIER = "com.ravilgab.--Segue";
				PRODUCT_NAME = "$(TARGET_NAME)";
				SWIFT_VERSION = 5.0;
				TARGETED_DEVICE_FAMILY = "1,2";
			};
			name = Debug;
		};
		F17FEB8626D695B60063156A /* Release */ = {
			isa = XCBuildConfiguration;
			buildSettings = {
				ASSETCATALOG_COMPILER_APPICON_NAME = AppIcon;
				ASSETCATALOG_COMPILER_GLOBAL_ACCENT_COLOR_NAME = AccentColor;
				CODE_SIGN_STYLE = Automatic;
				DEVELOPMENT_TEAM = RR2792TYH2;
				INFOPLIST_FILE = 3_Segue/Info.plist;
				LD_RUNPATH_SEARCH_PATHS = (
					"$(inherited)",
					"@executable_path/Frameworks",
				);
				PRODUCT_BUNDLE_IDENTIFIER = "com.ravilgab.--Segue";
				PRODUCT_NAME = "$(TARGET_NAME)";
				SWIFT_VERSION = 5.0;
				TARGETED_DEVICE_FAMILY = "1,2";
			};
			name = Release;
		};
/* End XCBuildConfiguration section */

/* Begin XCConfigurationList section */
		F17FEB6B26D695B10063156A /* Build configuration list for PBXProject "3_Segue" */ = {
			isa = XCConfigurationList;
			buildConfigurations = (
				F17FEB8226D695B60063156A /* Debug */,
				F17FEB8326D695B60063156A /* Release */,
			);
			defaultConfigurationIsVisible = 0;
			defaultConfigurationName = Release;
		};
		F17FEB8426D695B60063156A /* Build configuration list for PBXNativeTarget "3_Segue" */ = {
			isa = XCConfigurationList;
			buildConfigurations = (
				F17FEB8526D695B60063156A /* Debug */,
				F17FEB8626D695B60063156A /* Release */,
			);
			defaultConfigurationIsVisible = 0;
			defaultConfigurationName = Release;
		};
/* End XCConfigurationList section */
	};
	rootObject = F17FEB6826D695B10063156A /* Project object */;
}
